
Microsoft Visual Studio Solution File, Format Version 11.00
# Visual Studio 2010 Express for Windows Phone
Project("{FAE04EC0-301F-11D3-BF4B-00C04F79EFBC}") = "AliensOldEnemies", "AliensOldEnemies\AliensOldEnemies.csproj", "{51A738EC-C493-4EC6-9512-614226F6C081}"
EndProject
Global
	GlobalSection(SolutionConfigurationPlatforms) = preSolution
		Debug|Any CPU = Debug|Any CPU
		Release|Any CPU = Release|Any CPU
	EndGlobalSection
	GlobalSection(ProjectConfigurationPlatforms) = postSolution
		{51A738EC-C493-4EC6-9512-614226F6C081}.Debug|Any CPU.ActiveCfg = Debug|Any CPU
		{51A738EC-C493-4EC6-9512-614226F6C081}.Debug|Any CPU.Build.0 = Debug|Any CPU
		{51A738EC-C493-4EC6-9512-614226F6C081}.Debug|Any CPU.Deploy.0 = Debug|Any CPU
		{51A738EC-C493-4EC6-9512-614226F6C081}.Release|Any CPU.ActiveCfg = Release|Any CPU
		{51A738EC-C493-4EC6-9512-614226F6C081}.Release|Any CPU.Build.0 = Release|Any CPU
		{51A738EC-C493-4EC6-9512-614226F6C081}.Release|Any CPU.Deploy.0 = Release|Any CPU
	EndGlobalSection
	GlobalSection(SolutionProperties) = preSolution
		HideSolutionNode = FALSE
	EndGlobalSection
EndGlobal
